
Microsoft Visual Studio Solution File, Format Version 12.00
# Visual Studio Version 16
VisualStudioVersion = 16.0.810.14
MinimumVisualStudioVersion = 10.0.40219.1
Project("{9A19103F-16F7-4668-BE54-9A1E7A4F7556}") = "c231-qrder-api", "c231-qrder-api\c231-qrder-api.csproj", "{44983D19-21B2-4B1E-B842-B666C5E8BB3D}"
EndProject
Global
	GlobalSection(SolutionConfigurationPlatforms) = preSolution
		Debug|Any CPU = Debug|Any CPU
		Release|Any CPU = Release|Any CPU
	EndGlobalSection
	GlobalSection(ProjectConfigurationPlatforms) = postSolution
		{44983D19-21B2-4B1E-B842-B666C5E8BB3D}.Debug|Any CPU.ActiveCfg = Debug|Any CPU
		{44983D19-21B2-4B1E-B842-B666C5E8BB3D}.Debug|Any CPU.Build.0 = Debug|Any CPU
		{44983D19-21B2-4B1E-B842-B666C5E8BB3D}.Release|Any CPU.ActiveCfg = Debug|Any CPU
		{44983D19-21B2-4B1E-B842-B666C5E8BB3D}.Release|Any CPU.Build.0 = Debug|Any CPU
	EndGlobalSection
	GlobalSection(SolutionProperties) = preSolution
		HideSolutionNode = FALSE
	EndGlobalSection
	GlobalSection(ExtensibilityGlobals) = postSolution
		SolutionGuid = {E34F6A59-2A26-4570-9BFB-6B1A1C57EE57}
	EndGlobalSection
EndGlobal
